
Microsoft Visual Studio Solution File, Format Version 11.00
# Visual Studio 2010
Project("{FAE04EC0-301F-11D3-BF4B-00C04F79EFBC}") = "Recorder", "Recorder.csproj", "{A3C56C4A-57FC-48A4-A45A-DA12304D06A9}"
EndProject
Global
	GlobalSection(SolutionConfigurationPlatforms) = preSolution
		Debug|x86 = Debug|x86
		Release|x86 = Release|x86
	EndGlobalSection
	GlobalSection(ProjectConfigurationPlatforms) = postSolution
		{A3C56C4A-57FC-48A4-A45A-DA12304D06A9}.Debug|x86.ActiveCfg = Debug|x86
		{A3C56C4A-57FC-48A4-A45A-DA12304D06A9}.Debug|x86.Build.0 = Debug|x86
		{A3C56C4A-57FC-48A4-A45A-DA12304D06A9}.Release|x86.ActiveCfg = Release|x86
		{A3C56C4A-57FC-48A4-A45A-DA12304D06A9}.Release|x86.Build.0 = Release|x86
	EndGlobalSection
	GlobalSection(SolutionProperties) = preSolution
		HideSolutionNode = FALSE
	EndGlobalSection
EndGlobal
